# Generated by nativegate. Do not edit by hand — re-run `ngate lock petro_api`.
#
# Every dependency of this service, pinned by version and SHA-256, so
# `docker build` cannot quietly install different code than it did
# last time. Installed with --require-hashes: a mismatch fails the
# build rather than shipping.
#
# Resolved for the IMAGE, not for the machine that ran the lock:
# Python 3.12, manylinux_2_28_x86_64, manylinux2014_x86_64, manylinux_2_28_aarch64, manylinux2014_aarch64.
# Several hashes per entry is normal — one artifact per architecture.

aiofile==3.12.3 \
    --hash=sha256:5c1bcc9e929c50834608e8cc1a4cc1d7503eb60c15a535b779fd39e2f372c017
annotated-doc==0.0.5 \
    --hash=sha256:117bac03a25ede5df5440e855b32d556049ca169ead221505badf432fed4b101
annotated-types==0.8.0 \
    --hash=sha256:f072f4d804ea359e4eaf198b1af7a8b0943881a87f31bb764f8bf219bb9419e0
anyio==4.15.1 \
    --hash=sha256:6152fdbbf9a77fdec97731721bebf7c4c44f7c29b424b0065826173efc7ed101
attrs==26.1.0 \
    --hash=sha256:c647aa4a12dfbad9333ca4e71fe62ddc36f4e63b2d260a37a8b83d2f043ac309
authlib==1.8.0 \
    --hash=sha256:88aebbd9af6757e14e912d5dc007ae1dc1f3e27e3b2152ce7c552ee2c3b3c121
beartype==0.22.9 \
    --hash=sha256:d16c9bbc61ea14637596c5f6fbff2ee99cbe3573e46a716401734ef50c3060c2
cachetools==7.2.0 \
    --hash=sha256:3045213f186b89fdd95d94441354c4bd87c570b7a38d8c3fd1d9dd37f6dc90d8
caio==0.12.4 \
    --hash=sha256:7a5e231bbf81eaed269f99afa9ef46457f51f9407952a1795c0795b3a62c23c0
cffi==2.1.1 \
    --hash=sha256:68e62fe11f30d5ca8289242866f0a5291402d8529ca2178ab8afc5c9694ae890 \
    --hash=sha256:c1453022f490d2459a11819d83ad1d586e9ff65a12ac3e705ffebd46d3685dcf
click==8.5.0 \
    --hash=sha256:255bc9599cf7748b4b1a446ccc735421bd08a2ae529a8b88597d3de5664ee360
cryptography==50.0.1 \
    --hash=sha256:51593d180cf6d179bde5c5d065bed81386b1f381656ae7d042b7ffc87a9895ad \
    --hash=sha256:e74591e283fe6eb956416c929eb58262a719fe0311fd9054c62c3350ed8760d8
cyclopts==5.0.0 \
    --hash=sha256:69c5d98bd48827a0f7c663b76f966f730652cbc48daa7625f1e69ae429b82376
dnspython==2.8.0 \
    --hash=sha256:01d9bbc4a2d76bf0db7c1f729812ded6d912bd318d3b1cf81d30c0f845dbf3af
docstring-parser==0.18.0 \
    --hash=sha256:b3fcbed555c47d8479be0796ef7e19c2670d428d72e96da63f3a40122860374b
email-validator==2.3.0 \
    --hash=sha256:80f13f623413e6b197ae73bb10bf4eb0908faf509ad8362c5edeb0be7fd450b4
exceptiongroup==1.3.1 \
    --hash=sha256:a7a39a3bd276781e98394987d3a5701d0c4edffb633bb7a5144577f82c773598
fastapi==0.141.1 \
    --hash=sha256:bfb91aa2d334c61cb35ba9a116fc123b3d3df31640b801cf57a7a78ec3f603b3
fastmcp==4.0.9 \
    --hash=sha256:d4faffb9be2e51821a9a2f253caf9dc778257348d18029d2a92653c9306fec23
fastmcp-slim==4.0.9 \
    --hash=sha256:ec2937b30be8eca91c253e396ce6169e6f91f3c6d6dfb40438868d5522462452
griffelib==2.3.0 \
    --hash=sha256:1b8f9cd525681c26b1d6d574faa1371651e8459ca51d209684f50b8096ae06e0
gunicorn==26.2.0 \
    --hash=sha256:bd249d0b3f7972f7432f0a6b6ff3b3ee2d129f70cd1ff6c09a9dd9e29a2b88e3
h11==0.16.0 \
    --hash=sha256:63cf8bbe7522de3bf65932fda1d9c2772064ffb3dae62d55932da54b31cb6c86
httpcore2==2.13.1 \
    --hash=sha256:e1e05d4f25f7d7d496bfb96748f6f4b67657b03da069b3a68c36069f3db73d0a
httpx2==2.13.1 \
    --hash=sha256:6dff50fabc270ee5fd25d845d0b078ed20564579744d6d962850975996d2f9a4
idna==3.20 \
    --hash=sha256:ab7ae7122974553370f0bdb919e1a960b2cd1bc1ef0276416d896db81c14582c
jaraco-classes==3.4.0 \
    --hash=sha256:f662826b6bed8cace05e7ff873ce0f9283b5c924470fe664fff1c2f00f581790
jaraco-context==6.1.2 \
    --hash=sha256:bf8150b79a2d5d91ae48629d8b427a8f7ba0e1097dd6202a9059f29a36379535
jaraco-functools==4.6.0 \
    --hash=sha256:99e3dc0060c5cbe8fcd1cdb36258e2a65ca40f1566b2033b12abb1bb44dd3c30
jeepney==0.9.0 \
    --hash=sha256:97e5714520c16fc0a45695e5365a2e11b81ea79bba796e26f9f1d178cb182683
joserfc==1.7.5 \
    --hash=sha256:add2c2c84e8373b084d526a8b53daba5d7a513a118cd2dcd9fc9f979d0922159
jsonref==1.1.0 \
    --hash=sha256:590dc7773df6c21cbf948b5dac07a72a251db28b0238ceecce0a2abfa8ec30a9
jsonschema==4.26.0 \
    --hash=sha256:d489f15263b8d200f8387e64b4c3a75f06629559fb73deb8fdfb525f2dab50ce
jsonschema-path==0.5.0 \
    --hash=sha256:2790a070bc7abb08ea3dbe4d340ece4efadf639223001f020c7503229ba068e2
jsonschema-specifications==2025.9.1 \
    --hash=sha256:98802fee3a11ee76ecaca44429fda8a41bff98b00a0f2838151b113f210cc6fe
keyring==25.7.0 \
    --hash=sha256:be4a0b195f149690c166e850609a477c532ddbfbaed96a404d4e43f8d5e2689f
markdown-it-py==4.2.0 \
    --hash=sha256:9f7ebbcd14fe59494226453aed97c1070d83f8d24b6fc3a3bcf9a38092641c4a
mcp==2.2.0 \
    --hash=sha256:bde982589473a060ae145e3406e9a5333fe538c97229ba841f5a7f92be004f81
mcp-types==2.2.0 \
    --hash=sha256:ea476b73ee86709ab5abc9452385ed36cc05907e582355622e294595c9a04f13
mdurl==0.1.2 \
    --hash=sha256:84008a41e51615a49fc9966191ff91509e3c40b939176e643fd50a5c2196b8f8
more-itertools==11.1.0 \
    --hash=sha256:4b65538ae22f6fed0ce4874efd317463a7489796a0939fa66824dd542125a192
numpy==2.5.3 \
    --hash=sha256:76c2c1e6bfa5c84adc6434dfbf013aa92096a7985221762c8f11fedfd20fff58 \
    --hash=sha256:b7e18c623bb5c95acb3b3328861272816ba199fb531921c5d6d0b675f1fde9e3
openapi-pydantic==0.5.1 \
    --hash=sha256:a3a09ef4586f5bd760a8df7f43028b60cafb6d9f61de2acba9574766255ab146
opentelemetry-api==1.44.0 \
    --hash=sha256:94b98c893a91b88657eaac1e3ba89618cdb85be6918196705354f34728b2cdef
packaging==26.3 \
    --hash=sha256:d7193f7c8e4e93f444fde0262bf90af30e16fa0ad0ad44cb553c87339b23cd1c
pathable==0.6.0 \
    --hash=sha256:82c4ca6c98c502ad12e0d4e9779b6210afee93c38990988c8c5d1b49bdcdf566
platformdirs==4.11.12 \
    --hash=sha256:b1ba966ac76153d9985a0787ffab951e7c18416189873d4e4ddb2c8a04a0a254
py-key-value-aio==0.4.6 \
    --hash=sha256:820b30c7959fc738ea3d00160cdb10cd258f51e38737b2add530defeea1ded77
pycparser==3.0 \
    --hash=sha256:b727414169a36b7d524c1c3e31839a521725078d7b2ff038656844266160a992
pydantic==2.13.5 \
    --hash=sha256:346a034f080da3755d8e9cb5e00e8b07de1d39e4f6e2c87d8ab7cafa0b269a73
pydantic-core==2.46.5 \
    --hash=sha256:0fc5be0abd4a407e200d844b404e33639a554e7bd0d448e7b9ae181be4789ac2 \
    --hash=sha256:4fdc8b93a41521988916eeaa271173fcca7fa0803d62f87675aac8dcec1c8e29
pydantic-settings==2.15.0 \
    --hash=sha256:0ba092c291c94baceb5eff768aa0d56400a457585bc0175925a5a5510303da42
pygments==2.21.0 \
    --hash=sha256:2363c69b61c4a97c838da3b130dcd6468f4848992b21a82f2a63ec34377137d9
pyjwt==2.15.0 \
    --hash=sha256:7a3742debf6b879e912dbb9819ceec1594be812452b78c5f2e2dfc56564954f8
pyperclip==1.11.0 \
    --hash=sha256:299403e9ff44581cb9ba2ffeed69c7aa96a008622ad0c46cb575ca75b5b84273
python-dotenv==1.2.3 \
    --hash=sha256:904552145e8bfed22162c09dab1c2b9b54fefa7b23ba780f4f26ca0316b0f0d9
python-multipart==0.0.32 \
    --hash=sha256:ff6d3f776f16878c894e52e107296ffc890e913c611b1a4ec6c44e2821fe2e23
pyyaml==6.0.3 \
    --hash=sha256:9149cad251584d5fb4981be1ecde53a1ca46c891a79788c0df828d2f166bda28 \
    --hash=sha256:ba1cc08a7ccde2d2ec775841541641e4548226580ab850948cbfda66a1befcdc
referencing==0.37.0 \
    --hash=sha256:381329a9f99628c9069361716891d34ad94af76e461dcb0335825aecc7692231
rich==15.0.0 \
    --hash=sha256:33bd4ef74232fb73fe9279a257718407f169c09b78a87ad3d296f548e27de0bb
rich-rst==2.1.0 \
    --hash=sha256:7ecd1343ee12c879d0e7ae74c3eb6d263b023d2929c6d114212eb1fd91057255
rpds-py==2026.6.3 \
    --hash=sha256:55927d532399c2c646100ff7feb48eaa940ad70f42cd68e1328f3ded9f81ca24 \
    --hash=sha256:ecabd69db66de867690f9797f2f8fa27ba501bbc24540cbdbdc649cd15888ba6
secretstorage==3.5.0 \
    --hash=sha256:0ce65888c0725fcb2c5bc0fdb8e5438eece02c523557ea40ce0703c266248137
sse-starlette==3.4.11 \
    --hash=sha256:c7b2244bdff016fe7f64e10075e89a3e6bbf899649cc89b0fe884b5545042453
starlette==1.7.0 \
    --hash=sha256:67f8e99895493dd2911a03f11314af6ceebeae4e704bb9f43dfc6a9db151c93e
truststore==0.10.4 \
    --hash=sha256:adaeaecf1cbb5f4de3b1959b42d41f6fab57b2b1666adb59e89cb0b53361d981
typing-extensions==4.16.0 \
    --hash=sha256:481caa481374e813c1b176ada14e97f1f67a4539ce9cfeb3f350d78d6370c2e8
typing-inspection==0.4.4 \
    --hash=sha256:65b8397ba37ccbce054456aaccddfc91e6e3083c92824df348d96ca832f3f147
uncalled-for==0.4.0 \
    --hash=sha256:16c4bb3337532e4bd5569adc192285976f3ad5305402256d34c67a12b5c968bd
uvicorn==0.53.0 \
    --hash=sha256:e8dca71ec86dce5f04e333f0d56cdedf942446e6643b9cea1af0d6d3a02cb03e
uvicorn-worker==0.4.0 \
    --hash=sha256:e2ed952cef976f5e9e429d7269640bbcafbd36c80aa80f1003c8c77a6797abde
watchfiles==1.3.0 \
    --hash=sha256:4af9c464d410e8c44b58ddf1cbec7c3a02c1cb2c6c80df9c74659ba2fbda0ab5 \
    --hash=sha256:b5768b49e426fd5b550b012c866db347cdf15c398ef98dc557b6e6b72fa74cd1
websockets==17.1 \
    --hash=sha256:0c863507ada5805517ca6dff1c524dcd42942efe6304dacf06700878398d21a6 \
    --hash=sha256:d41ef69d5416fbc1d98cf96c37be6192d10fd101c3e0f8b3ddc36e09432b3c08
